{
  "lockfileVersion": 1,
  "workspaces": {
    "": {
      "name": "@schemavaults/dbh",
      "dependencies": {
        "@schemavaults/serde": "0.3.2",
        "mongodb": "6.6.2",
      },
      "devDependencies": {
        "bun-types": "1.2.1",
        "typescript": "5.8.3",
      },
    },
  },
  "packages": {
    "@mongodb-js/saslprep": ["@mongodb-js/saslprep@1.2.2", "", { "dependencies": { "sparse-bitfield": "^3.0.3" } }, "sha512-EB0O3SCSNRUFk66iRCpI+cXzIjdswfCs7F6nOC3RAGJ7xr5YhaicvsRwJ9eyzYvYRlCSDUO/c7g4yNulxKC1WA=="],

    "@schemavaults/app-definitions": ["@schemavaults/app-definitions@0.4.0", "https://npm.pkg.github.com/download/@schemavaults/app-definitions/0.4.0/db574364142fb8227c9fe0bb242b24e1d841149b", { "dependencies": { "zod": "3.23.8" } }, "sha512-mKDPXi/rY/+r4j3/J9lbsa5js4X9gNqs8ZXuaqXKjQAYha5qmgRaYvQ5bVS9N3qZEMWmCIxOzrbtZCLaIy5JSg=="],

    "@schemavaults/deserializers": ["@schemavaults/deserializers@0.3.2", "https://npm.pkg.github.com/download/@schemavaults/deserializers/0.3.2/3e40249cc7ed62e14b3c7d97fbc96d6ac5a56f54", { "dependencies": { "@schemavaults/schemas": "0.5.13", "@schemavaults/serialized-data-storage-primitives": "0.3.3", "zod": "3.23.8" } }, "sha512-DeL/D9Hi98vr4274Ho/pjz8vA1FKoyc1MHw9RRFPnJbGe8fG+N2CYNcYpCpR/Ge82VXD4cIFrhDMyxZjuLxiqA=="],

    "@schemavaults/schemas": ["@schemavaults/schemas@0.5.13", "https://npm.pkg.github.com/download/@schemavaults/schemas/0.5.13/866c720c63096593f64fa76423b33a6d137efbe8", { "dependencies": { "@schemavaults/storage-regions": "0.3.0", "uuid": "^9.0.1", "zod": "3.23.8" } }, "sha512-nCKgPTAMLqbql+PCf81J6ahXa0n9tz4JFxw3M8fQ006AK/cV50N6I7YTbPW3J1cLI3BNJah3tHK7jAIyo+IW+g=="],

    "@schemavaults/serde": ["@schemavaults/serde@0.3.2", "https://npm.pkg.github.com/download/@schemavaults/serde/0.3.2/b016c56bc245b8a88e44873bfe5b725d2e867c08", { "dependencies": { "@schemavaults/deserializers": "0.3.2", "@schemavaults/schemas": "0.5.13", "@schemavaults/serialized-data-storage-primitives": "0.3.3", "@schemavaults/serializers": "0.3.2", "zod": "3.23.8" } }, "sha512-5UnM+6Upc+z9knsOnwCD0+4z6zXnZObJrYTS+Qk/xRmocm8o8w/H/yy6PLZofmd+ay+iW1FWFs3F9OlheKWiQg=="],

    "@schemavaults/serialized-data-storage-primitives": ["@schemavaults/serialized-data-storage-primitives@0.3.3", "https://npm.pkg.github.com/download/@schemavaults/serialized-data-storage-primitives/0.3.3/bab9a27447b16d65d061941dfe048d7dcff291b6", { "dependencies": { "@schemavaults/schemas": "0.5.13", "zod": "3.23.8" } }, "sha512-2bV6e6c07ohDASQiySP3RqXqvXEbxfz4iGkudvp5MqZYgLvvrptF8nVbJ4tLCRNtIgQJ5rjhKy8BLoctmooD7Q=="],

    "@schemavaults/serializers": ["@schemavaults/serializers@0.3.2", "https://npm.pkg.github.com/download/@schemavaults/serializers/0.3.2/42864d4a640cff2d2d0014875eb288b82ceca32e", { "dependencies": { "@schemavaults/schemas": "0.5.13", "@schemavaults/serialized-data-storage-primitives": "0.3.3", "zod": "3.23.8" } }, "sha512-m8hUIlmmcyD8D+7oBuhKttkukO1A4eU/lr+1iWdRo5uUQ387LnlKUAFC84XprCREDg0EhOGma5aXb9B2wk9kbg=="],

    "@schemavaults/storage-regions": ["@schemavaults/storage-regions@0.3.0", "https://npm.pkg.github.com/download/@schemavaults/storage-regions/0.3.0/1a04952253bbad4f1b29fdb1c92386e05d3164d4", { "dependencies": { "@schemavaults/app-definitions": "0.4.0", "zod": "3.23.8" } }, "sha512-r1YRzxO41fbBdtvo+FhGxRJrcvAzItxV6nAASOToT1qODVidAkOsT+s7LCoOSHzrRlV02uG0DF1d3agogLm5qQ=="],

    "@types/node": ["@types/node@22.14.0", "", { "dependencies": { "undici-types": "~6.21.0" } }, "sha512-Kmpl+z84ILoG+3T/zQFyAJsU6EPTmOCj8/2+83fSN6djd6I4o7uOuGIH6vq3PrjY5BGitSbFuMN18j3iknubbA=="],

    "@types/webidl-conversions": ["@types/webidl-conversions@7.0.3", "", {}, "sha512-CiJJvcRtIgzadHCYXw7dqEnMNRjhGZlYK05Mj9OyktqV8uVT8fD2BFOB7S1uwBE3Kj2Z+4UyPmFw/Ixgw/LAlA=="],

    "@types/whatwg-url": ["@types/whatwg-url@11.0.5", "", { "dependencies": { "@types/webidl-conversions": "*" } }, "sha512-coYR071JRaHa+xoEvvYqvnIHaVqaYrLPbsufM9BF63HkwI5Lgmy2QR8Q5K/lYDYo5AK82wOvSOS0UsLTpTG7uQ=="],

    "@types/ws": ["@types/ws@8.5.14", "", { "dependencies": { "@types/node": "*" } }, "sha512-bd/YFLW+URhBzMXurx7lWByOu+xzU9+kb3RboOteXYDfW+tr+JZa99OyNmPINEGB/ahzKrEuc8rcv4gnpJmxTw=="],

    "bson": ["bson@6.10.3", "", {}, "sha512-MTxGsqgYTwfshYWTRdmZRC+M7FnG1b4y7RO7p2k3X24Wq0yv1m77Wsj0BzlPzd/IowgESfsruQCUToa7vbOpPQ=="],

    "bun-types": ["bun-types@1.2.1", "", { "dependencies": { "@types/node": "*", "@types/ws": "~8.5.10" } }, "sha512-p7bmXUWmrPWxhcbFVk7oUXM5jAGt94URaoa3qf4mz43MEhNAo/ot1urzBqctgvuq7y9YxkuN51u+/qm4BiIsHw=="],

    "memory-pager": ["memory-pager@1.5.0", "", {}, "sha512-ZS4Bp4r/Zoeq6+NLJpP+0Zzm0pR8whtGPf1XExKLJBAczGMnSi3It14OiNCStjQjM6NU1okjQGSxgEZN8eBYKg=="],

    "mongodb": ["mongodb@6.6.2", "", { "dependencies": { "@mongodb-js/saslprep": "^1.1.5", "bson": "^6.7.0", "mongodb-connection-string-url": "^3.0.0" }, "peerDependencies": { "@aws-sdk/credential-providers": "^3.188.0", "@mongodb-js/zstd": "^1.1.0", "gcp-metadata": "^5.2.0", "kerberos": "^2.0.1", "mongodb-client-encryption": ">=6.0.0 <7", "snappy": "^7.2.2", "socks": "^2.7.1" }, "optionalPeers": ["@aws-sdk/credential-providers", "@mongodb-js/zstd", "gcp-metadata", "kerberos", "mongodb-client-encryption", "snappy", "socks"] }, "sha512-ZF9Ugo2JCG/GfR7DEb4ypfyJJyiKbg5qBYKRintebj8+DNS33CyGMkWbrS9lara+u+h+yEOGSRiLhFO/g1s1aw=="],

    "mongodb-connection-string-url": ["mongodb-connection-string-url@3.0.2", "", { "dependencies": { "@types/whatwg-url": "^11.0.2", "whatwg-url": "^14.1.0 || ^13.0.0" } }, "sha512-rMO7CGo/9BFwyZABcKAWL8UJwH/Kc2x0g72uhDWzG48URRax5TCIcJ7Rc3RZqffZzO/Gwff/jyKwCU9TN8gehA=="],

    "punycode": ["punycode@2.3.1", "", {}, "sha512-vYt7UD1U9Wg6138shLtLOvdAu+8DsC/ilFtEVHcH+wydcSpNE20AfSOduf6MkRFahL5FY7X1oU7nKVZFtfq8Fg=="],

    "sparse-bitfield": ["sparse-bitfield@3.0.3", "", { "dependencies": { "memory-pager": "^1.0.2" } }, "sha512-kvzhi7vqKTfkh0PZU+2D2PIllw2ymqJKujUcyPMd9Y75Nv4nPbGJZXNhxsgdQab2BmlDct1YnfQCguEvHr7VsQ=="],

    "tr46": ["tr46@5.1.0", "", { "dependencies": { "punycode": "^2.3.1" } }, "sha512-IUWnUK7ADYR5Sl1fZlO1INDUhVhatWl7BtJWsIhwJ0UAK7ilzzIa8uIqOO/aYVWHZPJkKbEL+362wrzoeRF7bw=="],

    "typescript": ["typescript@5.8.3", "", { "bin": { "tsc": "bin/tsc", "tsserver": "bin/tsserver" } }, "sha512-p1diW6TqL9L07nNxvRMM7hMMw4c5XOo/1ibL4aAIGmSAt9slTE1Xgw5KWuof2uTOvCg9BY7ZRi+GaF+7sfgPeQ=="],

    "undici-types": ["undici-types@6.21.0", "", {}, "sha512-iwDZqg0QAGrg9Rav5H4n0M64c3mkR59cJ6wQp+7C4nI0gsmExaedaYLNO44eT4AtBBwjbTiGPMlt2Md0T9H9JQ=="],

    "uuid": ["uuid@9.0.1", "", { "bin": { "uuid": "dist/bin/uuid" } }, "sha512-b+1eJOlsR9K8HJpow9Ok3fiWOWSIcIzXodvv0rQjVoOVNpWMpxf1wZNpt4y9h10odCNrqnYp1OBzRktckBe3sA=="],

    "webidl-conversions": ["webidl-conversions@7.0.0", "", {}, "sha512-VwddBukDzu71offAQR975unBIGqfKZpM+8ZX6ySk8nYhVoo5CYaZyzt3YBvYtRtO+aoGlqxPg/B87NGVZ/fu6g=="],

    "whatwg-url": ["whatwg-url@14.2.0", "", { "dependencies": { "tr46": "^5.1.0", "webidl-conversions": "^7.0.0" } }, "sha512-De72GdQZzNTUBBChsXueQUnPKDkg/5A5zp7pFDuQAj5UFoENpiACU0wlCvzpAGnTkj++ihpKwKyYewn/XNUbKw=="],

    "zod": ["zod@3.23.8", "", {}, "sha512-XBx9AXhXktjUqnepgTiE5flcKIYWi/rme0Eaj+5Y0lftuGBq+jyRu/md4WnuxqgP1ubdpNCsYEYPxrzVHD8d6g=="],
  }
}
