{
  "lockfileVersion": 1,
  "workspaces": {
    "": {
      "name": "@schemavaults/dbh",
      "dependencies": {
        "@schemavaults/serde": "0.3.1",
        "mongodb": "6.6.2",
      },
      "devDependencies": {
        "bun-types": "1.2.1",
        "typescript": "5.8.3",
      },
    },
  },
  "packages": {
    "@mongodb-js/saslprep": ["@mongodb-js/saslprep@1.2.2", "", { "dependencies": { "sparse-bitfield": "^3.0.3" } }, "sha512-EB0O3SCSNRUFk66iRCpI+cXzIjdswfCs7F6nOC3RAGJ7xr5YhaicvsRwJ9eyzYvYRlCSDUO/c7g4yNulxKC1WA=="],

    "@schemavaults/app-definitions": ["@schemavaults/app-definitions@0.4.0", "https://npm.pkg.github.com/download/@schemavaults/app-definitions/0.4.0/db574364142fb8227c9fe0bb242b24e1d841149b", { "dependencies": { "zod": "3.23.8" } }, "sha512-mKDPXi/rY/+r4j3/J9lbsa5js4X9gNqs8ZXuaqXKjQAYha5qmgRaYvQ5bVS9N3qZEMWmCIxOzrbtZCLaIy5JSg=="],

    "@schemavaults/deserializers": ["@schemavaults/deserializers@0.3.1", "https://npm.pkg.github.com/download/@schemavaults/deserializers/0.3.1/0317763d623795a8cd45a6d8697f56ecf2efce26", { "dependencies": { "@schemavaults/schemas": "0.5.12", "@schemavaults/serialized-data-storage-primitives": "0.3.2", "zod": "3.23.8" } }, "sha512-8t24OOKX54jsC2yFit0qizgYHA7amRqLw4849PfupKso63Vnq/jB4vW3s7jgdePMClIAQcokiDbIctRaXMeY8A=="],

    "@schemavaults/schemas": ["@schemavaults/schemas@0.5.12", "https://npm.pkg.github.com/download/@schemavaults/schemas/0.5.12/c1c996ad7acce35c93a95aef838b600fdfee3065", { "dependencies": { "@schemavaults/storage-regions": "0.3.0", "uuid": "^9.0.1", "zod": "3.23.8" } }, "sha512-iHL0ViEgwoBeJqRyrxRJnixmMoxAPolwS+yYWcwLKtSGnE/YCDHJrLkYhV73nxMRqNwaUr1B+aQKPyIfrUQhtQ=="],

    "@schemavaults/serde": ["@schemavaults/serde@0.3.1", "https://npm.pkg.github.com/download/@schemavaults/serde/0.3.1/51c1489d69b8586cf7b7ea80b26a3224498e17a3", { "dependencies": { "@schemavaults/deserializers": "0.3.1", "@schemavaults/schemas": "0.5.12", "@schemavaults/serialized-data-storage-primitives": "0.3.2", "@schemavaults/serializers": "0.3.1", "zod": "3.23.8" } }, "sha512-QxjQeiGu7J64DRAIiabIaYTNmTiJZZvU2HSmFa2gxRyzcoENnwPIAwADeiKcJgXQ61o0PU1/1/lP5jD+ANqftQ=="],

    "@schemavaults/serialized-data-storage-primitives": ["@schemavaults/serialized-data-storage-primitives@0.3.2", "https://npm.pkg.github.com/download/@schemavaults/serialized-data-storage-primitives/0.3.2/8a8f022da7928eb8449bfab0b9d0883609166fd7", { "dependencies": { "@schemavaults/schemas": "0.5.12", "zod": "3.23.8" } }, "sha512-k0UAx/BB1eqGM7iMjHt9mYk8rJ2wT563s8aXtqBako9dKDGyRkLVlpBe1wkXSh7SD1DUx3PrPif1c1jy+SB6gw=="],

    "@schemavaults/serializers": ["@schemavaults/serializers@0.3.1", "https://npm.pkg.github.com/download/@schemavaults/serializers/0.3.1/c5d8375a3ed253976be55a83a157ca10d9d08173", { "dependencies": { "@schemavaults/schemas": "0.5.12", "@schemavaults/serialized-data-storage-primitives": "0.3.2", "zod": "3.23.8" } }, "sha512-pZ2xUPNbobY749B7k+hfbMwpAlLQ36bl0Vqqt68zQ4Sy8nI5gM56gvN6BnWnP1QrBvNP+pALEORUX9b0QVneEg=="],

    "@schemavaults/storage-regions": ["@schemavaults/storage-regions@0.3.0", "https://npm.pkg.github.com/download/@schemavaults/storage-regions/0.3.0/1a04952253bbad4f1b29fdb1c92386e05d3164d4", { "dependencies": { "@schemavaults/app-definitions": "0.4.0", "zod": "3.23.8" } }, "sha512-r1YRzxO41fbBdtvo+FhGxRJrcvAzItxV6nAASOToT1qODVidAkOsT+s7LCoOSHzrRlV02uG0DF1d3agogLm5qQ=="],

    "@types/node": ["@types/node@22.14.0", "", { "dependencies": { "undici-types": "~6.21.0" } }, "sha512-Kmpl+z84ILoG+3T/zQFyAJsU6EPTmOCj8/2+83fSN6djd6I4o7uOuGIH6vq3PrjY5BGitSbFuMN18j3iknubbA=="],

    "@types/webidl-conversions": ["@types/webidl-conversions@7.0.3", "", {}, "sha512-CiJJvcRtIgzadHCYXw7dqEnMNRjhGZlYK05Mj9OyktqV8uVT8fD2BFOB7S1uwBE3Kj2Z+4UyPmFw/Ixgw/LAlA=="],

    "@types/whatwg-url": ["@types/whatwg-url@11.0.5", "", { "dependencies": { "@types/webidl-conversions": "*" } }, "sha512-coYR071JRaHa+xoEvvYqvnIHaVqaYrLPbsufM9BF63HkwI5Lgmy2QR8Q5K/lYDYo5AK82wOvSOS0UsLTpTG7uQ=="],

    "@types/ws": ["@types/ws@8.5.14", "", { "dependencies": { "@types/node": "*" } }, "sha512-bd/YFLW+URhBzMXurx7lWByOu+xzU9+kb3RboOteXYDfW+tr+JZa99OyNmPINEGB/ahzKrEuc8rcv4gnpJmxTw=="],

    "bson": ["bson@6.10.3", "", {}, "sha512-MTxGsqgYTwfshYWTRdmZRC+M7FnG1b4y7RO7p2k3X24Wq0yv1m77Wsj0BzlPzd/IowgESfsruQCUToa7vbOpPQ=="],

    "bun-types": ["bun-types@1.2.1", "", { "dependencies": { "@types/node": "*", "@types/ws": "~8.5.10" } }, "sha512-p7bmXUWmrPWxhcbFVk7oUXM5jAGt94URaoa3qf4mz43MEhNAo/ot1urzBqctgvuq7y9YxkuN51u+/qm4BiIsHw=="],

    "memory-pager": ["memory-pager@1.5.0", "", {}, "sha512-ZS4Bp4r/Zoeq6+NLJpP+0Zzm0pR8whtGPf1XExKLJBAczGMnSi3It14OiNCStjQjM6NU1okjQGSxgEZN8eBYKg=="],

    "mongodb": ["mongodb@6.6.2", "", { "dependencies": { "@mongodb-js/saslprep": "^1.1.5", "bson": "^6.7.0", "mongodb-connection-string-url": "^3.0.0" }, "peerDependencies": { "@aws-sdk/credential-providers": "^3.188.0", "@mongodb-js/zstd": "^1.1.0", "gcp-metadata": "^5.2.0", "kerberos": "^2.0.1", "mongodb-client-encryption": ">=6.0.0 <7", "snappy": "^7.2.2", "socks": "^2.7.1" }, "optionalPeers": ["@aws-sdk/credential-providers", "@mongodb-js/zstd", "gcp-metadata", "kerberos", "mongodb-client-encryption", "snappy", "socks"] }, "sha512-ZF9Ugo2JCG/GfR7DEb4ypfyJJyiKbg5qBYKRintebj8+DNS33CyGMkWbrS9lara+u+h+yEOGSRiLhFO/g1s1aw=="],

    "mongodb-connection-string-url": ["mongodb-connection-string-url@3.0.2", "", { "dependencies": { "@types/whatwg-url": "^11.0.2", "whatwg-url": "^14.1.0 || ^13.0.0" } }, "sha512-rMO7CGo/9BFwyZABcKAWL8UJwH/Kc2x0g72uhDWzG48URRax5TCIcJ7Rc3RZqffZzO/Gwff/jyKwCU9TN8gehA=="],

    "punycode": ["punycode@2.3.1", "", {}, "sha512-vYt7UD1U9Wg6138shLtLOvdAu+8DsC/ilFtEVHcH+wydcSpNE20AfSOduf6MkRFahL5FY7X1oU7nKVZFtfq8Fg=="],

    "sparse-bitfield": ["sparse-bitfield@3.0.3", "", { "dependencies": { "memory-pager": "^1.0.2" } }, "sha512-kvzhi7vqKTfkh0PZU+2D2PIllw2ymqJKujUcyPMd9Y75Nv4nPbGJZXNhxsgdQab2BmlDct1YnfQCguEvHr7VsQ=="],

    "tr46": ["tr46@5.1.0", "", { "dependencies": { "punycode": "^2.3.1" } }, "sha512-IUWnUK7ADYR5Sl1fZlO1INDUhVhatWl7BtJWsIhwJ0UAK7ilzzIa8uIqOO/aYVWHZPJkKbEL+362wrzoeRF7bw=="],

    "typescript": ["typescript@5.8.3", "", { "bin": { "tsc": "bin/tsc", "tsserver": "bin/tsserver" } }, "sha512-p1diW6TqL9L07nNxvRMM7hMMw4c5XOo/1ibL4aAIGmSAt9slTE1Xgw5KWuof2uTOvCg9BY7ZRi+GaF+7sfgPeQ=="],

    "undici-types": ["undici-types@6.21.0", "", {}, "sha512-iwDZqg0QAGrg9Rav5H4n0M64c3mkR59cJ6wQp+7C4nI0gsmExaedaYLNO44eT4AtBBwjbTiGPMlt2Md0T9H9JQ=="],

    "uuid": ["uuid@9.0.1", "", { "bin": { "uuid": "dist/bin/uuid" } }, "sha512-b+1eJOlsR9K8HJpow9Ok3fiWOWSIcIzXodvv0rQjVoOVNpWMpxf1wZNpt4y9h10odCNrqnYp1OBzRktckBe3sA=="],

    "webidl-conversions": ["webidl-conversions@7.0.0", "", {}, "sha512-VwddBukDzu71offAQR975unBIGqfKZpM+8ZX6ySk8nYhVoo5CYaZyzt3YBvYtRtO+aoGlqxPg/B87NGVZ/fu6g=="],

    "whatwg-url": ["whatwg-url@14.2.0", "", { "dependencies": { "tr46": "^5.1.0", "webidl-conversions": "^7.0.0" } }, "sha512-De72GdQZzNTUBBChsXueQUnPKDkg/5A5zp7pFDuQAj5UFoENpiACU0wlCvzpAGnTkj++ihpKwKyYewn/XNUbKw=="],

    "zod": ["zod@3.23.8", "", {}, "sha512-XBx9AXhXktjUqnepgTiE5flcKIYWi/rme0Eaj+5Y0lftuGBq+jyRu/md4WnuxqgP1ubdpNCsYEYPxrzVHD8d6g=="],
  }
}
